{
  "name": "work",
  "lockfileVersion": 3,
  "requires": true,
  "packages": {
    "": {
      "dependencies": {
        "@semiont/sdk": "^0.5.5",
        "@types/node": "^25.7.0",
        "typescript": "^6.0.3",
        "yaml": "^2.9.0"
      }
    },
    "node_modules/@colors/colors": {
      "version": "1.6.0",
      "resolved": "https://registry.npmjs.org/@colors/colors/-/colors-1.6.0.tgz",
      "integrity": "sha512-Ir+AOibqzrIsL6ajt3Rz3LskB7OiMVHqltZmspbW/TJuTVuyOMirVqAkjfY6JISiLHgyNqicAC8AyHHGzNd/dA==",
      "license": "MIT",
      "engines": {
        "node": ">=0.1.90"
      }
    },
    "node_modules/@dabh/diagnostics": {
      "version": "2.0.8",
      "resolved": "https://registry.npmjs.org/@dabh/diagnostics/-/diagnostics-2.0.8.tgz",
      "integrity": "sha512-R4MSXTVnuMzGD7bzHdW2ZhhdPC/igELENcq5IjEverBvq5hn1SXCWcsi6eSsdWP0/Ur+SItRRjAktmdoX/8R/Q==",
      "license": "MIT",
      "dependencies": {
        "@so-ric/colorspace": "^1.1.6",
        "enabled": "2.0.x",
        "kuler": "^2.0.0"
      }
    },
    "node_modules/@opentelemetry/api": {
      "version": "1.9.1",
      "resolved": "https://registry.npmjs.org/@opentelemetry/api/-/api-1.9.1.tgz",
      "integrity": "sha512-gLyJlPHPZYdAk1JENA9LeHejZe1Ti77/pTeFm/nMXmQH/HFZlcS/O2XJB+L8fkbrNSqhdtlvjBVjxwUYanNH5Q==",
      "license": "Apache-2.0",
      "engines": {
        "node": ">=8.0.0"
      }
    },
    "node_modules/@opentelemetry/api-logs": {
      "version": "0.215.0",
      "resolved": "https://registry.npmjs.org/@opentelemetry/api-logs/-/api-logs-0.215.0.tgz",
      "integrity": "sha512-xrFlqhdhUyO8wSRn6DjE0145/HPWSJ5Nm0C7vWua6TdL/FSEAZvEyvdsa9CRXuxo9ebb7j/NEPhEcO62IJ0qUA==",
      "license": "Apache-2.0",
      "dependencies": {
        "@opentelemetry/api": "^1.3.0"
      },
      "engines": {
        "node": ">=8.0.0"
      }
    },
    "node_modules/@opentelemetry/context-async-hooks": {
      "version": "2.7.1",
      "resolved": "https://registry.npmjs.org/@opentelemetry/context-async-hooks/-/context-async-hooks-2.7.1.tgz",
      "integrity": "sha512-OPFBYuXEn1E4ja3Y6eeA7O+ZnLBNcXTV5Cgsn1VaqBZ6hC5FnpZPLBNme1LJY8ZtF4aOujPKFoeWN4ik487KuQ==",
      "license": "Apache-2.0",
      "engines": {
        "node": "^18.19.0 || >=20.6.0"
      },
      "peerDependencies": {
        "@opentelemetry/api": ">=1.0.0 <1.10.0"
      }
    },
    "node_modules/@opentelemetry/core": {
      "version": "2.7.1",
      "resolved": "https://registry.npmjs.org/@opentelemetry/core/-/core-2.7.1.tgz",
      "integrity": "sha512-QAqIj32AtK6+pEVNG7EOVxHdE06RP+FM5qpiEJ4RtDcFIqKUZHYhl7/7UY5efhwmwNAg7j8QbJVBLxMerc0+gw==",
      "license": "Apache-2.0",
      "dependencies": {
        "@opentelemetry/semantic-conventions": "^1.29.0"
      },
      "engines": {
        "node": "^18.19.0 || >=20.6.0"
      },
      "peerDependencies": {
        "@opentelemetry/api": ">=1.0.0 <1.10.0"
      }
    },
    "node_modules/@opentelemetry/exporter-metrics-otlp-http": {
      "version": "0.215.0",
      "resolved": "https://registry.npmjs.org/@opentelemetry/exporter-metrics-otlp-http/-/exporter-metrics-otlp-http-0.215.0.tgz",
      "integrity": "sha512-FRydO5j7MWnXK9ghfykKxiSM8I5UeiicK/UNl3/mv86xoEKkb+LKz1I3WXgkuYVOQf22VNqbPO58s2W1mVWtEQ==",
      "license": "Apache-2.0",
      "dependencies": {
        "@opentelemetry/core": "2.7.0",
        "@opentelemetry/otlp-exporter-base": "0.215.0",
        "@opentelemetry/otlp-transformer": "0.215.0",
        "@opentelemetry/resources": "2.7.0",
        "@opentelemetry/sdk-metrics": "2.7.0"
      },
      "engines": {
        "node": "^18.19.0 || >=20.6.0"
      },
      "peerDependencies": {
        "@opentelemetry/api": "^1.3.0"
      }
    },
    "node_modules/@opentelemetry/exporter-metrics-otlp-http/node_modules/@opentelemetry/core": {
      "version": "2.7.0",
      "resolved": "https://registry.npmjs.org/@opentelemetry/core/-/core-2.7.0.tgz",
      "integrity": "sha512-DT12SXVwV2eoJrGf4nnsvZojxxeQo+LlNAsoYGRRObPWTeN6APiqZ2+nqDCQDvQX40eLi1AePONS0onoASp3yQ==",
      "license": "Apache-2.0",
      "dependencies": {
        "@opentelemetry/semantic-conventions": "^1.29.0"
      },
      "engines": {
        "node": "^18.19.0 || >=20.6.0"
      },
      "peerDependencies": {
        "@opentelemetry/api": ">=1.0.0 <1.10.0"
      }
    },
    "node_modules/@opentelemetry/exporter-metrics-otlp-http/node_modules/@opentelemetry/resources": {
      "version": "2.7.0",
      "resolved": "https://registry.npmjs.org/@opentelemetry/resources/-/resources-2.7.0.tgz",
      "integrity": "sha512-K+oi0hNMv94EpZbnW3eyu2X6SGVpD3O5DhG2NIp65Hc7lhAj9brRXTAVzh3wB82+q3ThakEf7Zd7RsFUqcTc7A==",
      "license": "Apache-2.0",
      "dependencies": {
        "@opentelemetry/core": "2.7.0",
        "@opentelemetry/semantic-conventions": "^1.29.0"
      },
      "engines": {
        "node": "^18.19.0 || >=20.6.0"
      },
      "peerDependencies": {
        "@opentelemetry/api": ">=1.3.0 <1.10.0"
      }
    },
    "node_modules/@opentelemetry/exporter-metrics-otlp-http/node_modules/@opentelemetry/sdk-metrics": {
      "version": "2.7.0",
      "resolved": "https://registry.npmjs.org/@opentelemetry/sdk-metrics/-/sdk-metrics-2.7.0.tgz",
      "integrity": "sha512-Vd7h95av/LYRsAVN7wbprvvJnHkq7swMXAo7Uad0Uxf9jl6NSReLa0JNivrcc5BVIx/vl2t+cgdVQQbnVhsR9w==",
      "license": "Apache-2.0",
      "dependencies": {
        "@opentelemetry/core": "2.7.0",
        "@opentelemetry/resources": "2.7.0"
      },
      "engines": {
        "node": "^18.19.0 || >=20.6.0"
      },
      "peerDependencies": {
        "@opentelemetry/api": ">=1.9.0 <1.10.0"
      }
    },
    "node_modules/@opentelemetry/exporter-trace-otlp-http": {
      "version": "0.215.0",
      "resolved": "https://registry.npmjs.org/@opentelemetry/exporter-trace-otlp-http/-/exporter-trace-otlp-http-0.215.0.tgz",
      "integrity": "sha512-k4J9ISeGpb0Bm/wCrlcrbroMFTkiWMrdhNxQGrlktxLy127Yzd4/7nrTawn5d/ApktYTknvdixsE6++34Qfi1w==",
      "license": "Apache-2.0",
      "dependencies": {
        "@opentelemetry/core": "2.7.0",
        "@opentelemetry/otlp-exporter-base": "0.215.0",
        "@opentelemetry/otlp-transformer": "0.215.0",
        "@opentelemetry/resources": "2.7.0",
        "@opentelemetry/sdk-trace-base": "2.7.0"
      },
      "engines": {
        "node": "^18.19.0 || >=20.6.0"
      },
      "peerDependencies": {
        "@opentelemetry/api": "^1.3.0"
      }
    },
    "node_modules/@opentelemetry/exporter-trace-otlp-http/node_modules/@opentelemetry/core": {
      "version": "2.7.0",
      "resolved": "https://registry.npmjs.org/@opentelemetry/core/-/core-2.7.0.tgz",
      "integrity": "sha512-DT12SXVwV2eoJrGf4nnsvZojxxeQo+LlNAsoYGRRObPWTeN6APiqZ2+nqDCQDvQX40eLi1AePONS0onoASp3yQ==",
      "license": "Apache-2.0",
      "dependencies": {
        "@opentelemetry/semantic-conventions": "^1.29.0"
      },
      "engines": {
        "node": "^18.19.0 || >=20.6.0"
      },
      "peerDependencies": {
        "@opentelemetry/api": ">=1.0.0 <1.10.0"
      }
    },
    "node_modules/@opentelemetry/exporter-trace-otlp-http/node_modules/@opentelemetry/resources": {
      "version": "2.7.0",
      "resolved": "https://registry.npmjs.org/@opentelemetry/resources/-/resources-2.7.0.tgz",
      "integrity": "sha512-K+oi0hNMv94EpZbnW3eyu2X6SGVpD3O5DhG2NIp65Hc7lhAj9brRXTAVzh3wB82+q3ThakEf7Zd7RsFUqcTc7A==",
      "license": "Apache-2.0",
      "dependencies": {
        "@opentelemetry/core": "2.7.0",
        "@opentelemetry/semantic-conventions": "^1.29.0"
      },
      "engines": {
        "node": "^18.19.0 || >=20.6.0"
      },
      "peerDependencies": {
        "@opentelemetry/api": ">=1.3.0 <1.10.0"
      }
    },
    "node_modules/@opentelemetry/exporter-trace-otlp-http/node_modules/@opentelemetry/sdk-trace-base": {
      "version": "2.7.0",
      "resolved": "https://registry.npmjs.org/@opentelemetry/sdk-trace-base/-/sdk-trace-base-2.7.0.tgz",
      "integrity": "sha512-Yg9zEXJB50DLVLpsKPk7NmNqlPlS+OvqhJGh0A8oawIOTPOwlm4eXs9BMJV7L79lvEwI+dWtAj+YjTyddV336A==",
      "license": "Apache-2.0",
      "dependencies": {
        "@opentelemetry/core": "2.7.0",
        "@opentelemetry/resources": "2.7.0",
        "@opentelemetry/semantic-conventions": "^1.29.0"
      },
      "engines": {
        "node": "^18.19.0 || >=20.6.0"
      },
      "peerDependencies": {
        "@opentelemetry/api": ">=1.3.0 <1.10.0"
      }
    },
    "node_modules/@opentelemetry/otlp-exporter-base": {
      "version": "0.215.0",
      "resolved": "https://registry.npmjs.org/@opentelemetry/otlp-exporter-base/-/otlp-exporter-base-0.215.0.tgz",
      "integrity": "sha512-lHrfbmeLSmesGSkkHiqDwOzfaEMSWXdc7q6UoLfbW8byONCb+bE/zkAr0kapN4US1baT/2nbpNT7Cn9XoB96Vg==",
      "license": "Apache-2.0",
      "dependencies": {
        "@opentelemetry/core": "2.7.0",
        "@opentelemetry/otlp-transformer": "0.215.0"
      },
      "engines": {
        "node": "^18.19.0 || >=20.6.0"
      },
      "peerDependencies": {
        "@opentelemetry/api": "^1.3.0"
      }
    },
    "node_modules/@opentelemetry/otlp-exporter-base/node_modules/@opentelemetry/core": {
      "version": "2.7.0",
      "resolved": "https://registry.npmjs.org/@opentelemetry/core/-/core-2.7.0.tgz",
      "integrity": "sha512-DT12SXVwV2eoJrGf4nnsvZojxxeQo+LlNAsoYGRRObPWTeN6APiqZ2+nqDCQDvQX40eLi1AePONS0onoASp3yQ==",
      "license": "Apache-2.0",
      "dependencies": {
        "@opentelemetry/semantic-conventions": "^1.29.0"
      },
      "engines": {
        "node": "^18.19.0 || >=20.6.0"
      },
      "peerDependencies": {
        "@opentelemetry/api": ">=1.0.0 <1.10.0"
      }
    },
    "node_modules/@opentelemetry/otlp-transformer": {
      "version": "0.215.0",
      "resolved": "https://registry.npmjs.org/@opentelemetry/otlp-transformer/-/otlp-transformer-0.215.0.tgz",
      "integrity": "sha512-cWwBvaV+vkXHkSoTYR8hGw+AW03UlgTr6xtrUKOMeum3T+8vffYXIfXu6KY5MLu8O9QtoBKqaKWw9I5xoOepng==",
      "license": "Apache-2.0",
      "dependencies": {
        "@opentelemetry/api-logs": "0.215.0",
        "@opentelemetry/core": "2.7.0",
        "@opentelemetry/resources": "2.7.0",
        "@opentelemetry/sdk-logs": "0.215.0",
        "@opentelemetry/sdk-metrics": "2.7.0",
        "@opentelemetry/sdk-trace-base": "2.7.0",
        "protobufjs": "^8.0.1"
      },
      "engines": {
        "node": "^18.19.0 || >=20.6.0"
      },
      "peerDependencies": {
        "@opentelemetry/api": "^1.3.0"
      }
    },
    "node_modules/@opentelemetry/otlp-transformer/node_modules/@opentelemetry/core": {
      "version": "2.7.0",
      "resolved": "https://registry.npmjs.org/@opentelemetry/core/-/core-2.7.0.tgz",
      "integrity": "sha512-DT12SXVwV2eoJrGf4nnsvZojxxeQo+LlNAsoYGRRObPWTeN6APiqZ2+nqDCQDvQX40eLi1AePONS0onoASp3yQ==",
      "license": "Apache-2.0",
      "dependencies": {
        "@opentelemetry/semantic-conventions": "^1.29.0"
      },
      "engines": {
        "node": "^18.19.0 || >=20.6.0"
      },
      "peerDependencies": {
        "@opentelemetry/api": ">=1.0.0 <1.10.0"
      }
    },
    "node_modules/@opentelemetry/otlp-transformer/node_modules/@opentelemetry/resources": {
      "version": "2.7.0",
      "resolved": "https://registry.npmjs.org/@opentelemetry/resources/-/resources-2.7.0.tgz",
      "integrity": "sha512-K+oi0hNMv94EpZbnW3eyu2X6SGVpD3O5DhG2NIp65Hc7lhAj9brRXTAVzh3wB82+q3ThakEf7Zd7RsFUqcTc7A==",
      "license": "Apache-2.0",
      "dependencies": {
        "@opentelemetry/core": "2.7.0",
        "@opentelemetry/semantic-conventions": "^1.29.0"
      },
      "engines": {
        "node": "^18.19.0 || >=20.6.0"
      },
      "peerDependencies": {
        "@opentelemetry/api": ">=1.3.0 <1.10.0"
      }
    },
    "node_modules/@opentelemetry/otlp-transformer/node_modules/@opentelemetry/sdk-metrics": {
      "version": "2.7.0",
      "resolved": "https://registry.npmjs.org/@opentelemetry/sdk-metrics/-/sdk-metrics-2.7.0.tgz",
      "integrity": "sha512-Vd7h95av/LYRsAVN7wbprvvJnHkq7swMXAo7Uad0Uxf9jl6NSReLa0JNivrcc5BVIx/vl2t+cgdVQQbnVhsR9w==",
      "license": "Apache-2.0",
      "dependencies": {
        "@opentelemetry/core": "2.7.0",
        "@opentelemetry/resources": "2.7.0"
      },
      "engines": {
        "node": "^18.19.0 || >=20.6.0"
      },
      "peerDependencies": {
        "@opentelemetry/api": ">=1.9.0 <1.10.0"
      }
    },
    "node_modules/@opentelemetry/otlp-transformer/node_modules/@opentelemetry/sdk-trace-base": {
      "version": "2.7.0",
      "resolved": "https://registry.npmjs.org/@opentelemetry/sdk-trace-base/-/sdk-trace-base-2.7.0.tgz",
      "integrity": "sha512-Yg9zEXJB50DLVLpsKPk7NmNqlPlS+OvqhJGh0A8oawIOTPOwlm4eXs9BMJV7L79lvEwI+dWtAj+YjTyddV336A==",
      "license": "Apache-2.0",
      "dependencies": {
        "@opentelemetry/core": "2.7.0",
        "@opentelemetry/resources": "2.7.0",
        "@opentelemetry/semantic-conventions": "^1.29.0"
      },
      "engines": {
        "node": "^18.19.0 || >=20.6.0"
      },
      "peerDependencies": {
        "@opentelemetry/api": ">=1.3.0 <1.10.0"
      }
    },
    "node_modules/@opentelemetry/resources": {
      "version": "2.7.1",
      "resolved": "https://registry.npmjs.org/@opentelemetry/resources/-/resources-2.7.1.tgz",
      "integrity": "sha512-DeT6KKolmC4e/dRQvMQ/RwlnzhaqeiFOXY5ngoOPJ07GgVVKxZOg9EcrNZb5aTzUn+iCrJldAgOfQm1O/QfPAQ==",
      "license": "Apache-2.0",
      "dependencies": {
        "@opentelemetry/core": "2.7.1",
        "@opentelemetry/semantic-conventions": "^1.29.0"
      },
      "engines": {
        "node": "^18.19.0 || >=20.6.0"
      },
      "peerDependencies": {
        "@opentelemetry/api": ">=1.3.0 <1.10.0"
      }
    },
    "node_modules/@opentelemetry/sdk-logs": {
      "version": "0.215.0",
      "resolved": "https://registry.npmjs.org/@opentelemetry/sdk-logs/-/sdk-logs-0.215.0.tgz",
      "integrity": "sha512-y3ucOmphzc4vgBTyIGchs+N/1rkACmoka8QalT2z1LBNM232Z17zMYayHcMl+dgMoOadZ0b72UZv7mDtqy1cFA==",
      "license": "Apache-2.0",
      "dependencies": {
        "@opentelemetry/api-logs": "0.215.0",
        "@opentelemetry/core": "2.7.0",
        "@opentelemetry/resources": "2.7.0",
        "@opentelemetry/semantic-conventions": "^1.29.0"
      },
      "engines": {
        "node": "^18.19.0 || >=20.6.0"
      },
      "peerDependencies": {
        "@opentelemetry/api": ">=1.4.0 <1.10.0"
      }
    },
    "node_modules/@opentelemetry/sdk-logs/node_modules/@opentelemetry/core": {
      "version": "2.7.0",
      "resolved": "https://registry.npmjs.org/@opentelemetry/core/-/core-2.7.0.tgz",
      "integrity": "sha512-DT12SXVwV2eoJrGf4nnsvZojxxeQo+LlNAsoYGRRObPWTeN6APiqZ2+nqDCQDvQX40eLi1AePONS0onoASp3yQ==",
      "license": "Apache-2.0",
      "dependencies": {
        "@opentelemetry/semantic-conventions": "^1.29.0"
      },
      "engines": {
        "node": "^18.19.0 || >=20.6.0"
      },
      "peerDependencies": {
        "@opentelemetry/api": ">=1.0.0 <1.10.0"
      }
    },
    "node_modules/@opentelemetry/sdk-logs/node_modules/@opentelemetry/resources": {
      "version": "2.7.0",
      "resolved": "https://registry.npmjs.org/@opentelemetry/resources/-/resources-2.7.0.tgz",
      "integrity": "sha512-K+oi0hNMv94EpZbnW3eyu2X6SGVpD3O5DhG2NIp65Hc7lhAj9brRXTAVzh3wB82+q3ThakEf7Zd7RsFUqcTc7A==",
      "license": "Apache-2.0",
      "dependencies": {
        "@opentelemetry/core": "2.7.0",
        "@opentelemetry/semantic-conventions": "^1.29.0"
      },
      "engines": {
        "node": "^18.19.0 || >=20.6.0"
      },
      "peerDependencies": {
        "@opentelemetry/api": ">=1.3.0 <1.10.0"
      }
    },
    "node_modules/@opentelemetry/sdk-metrics": {
      "version": "2.7.1",
      "resolved": "https://registry.npmjs.org/@opentelemetry/sdk-metrics/-/sdk-metrics-2.7.1.tgz",
      "integrity": "sha512-MpDJdkiFDs3Pm1RHO3KByuZbuBdJEXEAkiC0+yJdsZGVCdf1RpHR6n+LHDcS7ffmfrt5kVCzJSCfm4z2C7v0uQ==",
      "license": "Apache-2.0",
      "dependencies": {
        "@opentelemetry/core": "2.7.1",
        "@opentelemetry/resources": "2.7.1"
      },
      "engines": {
        "node": "^18.19.0 || >=20.6.0"
      },
      "peerDependencies": {
        "@opentelemetry/api": ">=1.9.0 <1.10.0"
      }
    },
    "node_modules/@opentelemetry/sdk-trace-base": {
      "version": "2.7.1",
      "resolved": "https://registry.npmjs.org/@opentelemetry/sdk-trace-base/-/sdk-trace-base-2.7.1.tgz",
      "integrity": "sha512-NAYIlsF8MPUsKqJMiDQJTMPOmlbawC1Iz/omMLygZ1C9am8fTKYjTaI+OZM+WTY3t3Glo0wnOg/6/pac6RGPPw==",
      "license": "Apache-2.0",
      "dependencies": {
        "@opentelemetry/core": "2.7.1",
        "@opentelemetry/resources": "2.7.1",
        "@opentelemetry/semantic-conventions": "^1.29.0"
      },
      "engines": {
        "node": "^18.19.0 || >=20.6.0"
      },
      "peerDependencies": {
        "@opentelemetry/api": ">=1.3.0 <1.10.0"
      }
    },
    "node_modules/@opentelemetry/sdk-trace-web": {
      "version": "2.7.1",
      "resolved": "https://registry.npmjs.org/@opentelemetry/sdk-trace-web/-/sdk-trace-web-2.7.1.tgz",
      "integrity": "sha512-K806OouCSOjMd8Nr7+ZCq3QT22tdAzzS/7h8vprfiKjkgFQ99/dvwU8d12WJANA6D5Qtme65hyBAqAu9CkQuxQ==",
      "license": "Apache-2.0",
      "dependencies": {
        "@opentelemetry/core": "2.7.1",
        "@opentelemetry/sdk-trace-base": "2.7.1"
      },
      "engines": {
        "node": "^18.19.0 || >=20.6.0"
      },
      "peerDependencies": {
        "@opentelemetry/api": ">=1.0.0 <1.10.0"
      }
    },
    "node_modules/@opentelemetry/semantic-conventions": {
      "version": "1.40.0",
      "resolved": "https://registry.npmjs.org/@opentelemetry/semantic-conventions/-/semantic-conventions-1.40.0.tgz",
      "integrity": "sha512-cifvXDhcqMwwTlTK04GBNeIe7yyo28Mfby85QXFe1Yk8nmi36Ab/5UQwptOx84SsoGNRg+EVSjwzfSZMy6pmlw==",
      "license": "Apache-2.0",
      "engines": {
        "node": ">=14"
      }
    },
    "node_modules/@semiont/api-client": {
      "version": "0.5.4",
      "resolved": "https://registry.npmjs.org/@semiont/api-client/-/api-client-0.5.4.tgz",
      "integrity": "sha512-muc9fF3mzfg2LLlDZiHTThvNz+iajaKt3X1qrVG3ZsA0BBpV/zHNSS2gJ9b74lFRab7s0J4OQ8b1ETZhjN4OJg==",
      "license": "Apache-2.0",
      "dependencies": {
        "@semiont/core": "*",
        "@semiont/observability": "*",
        "ky": "^1.2.0",
        "rxjs": "^7.8.1"
      },
      "engines": {
        "node": ">=20.18.1"
      }
    },
    "node_modules/@semiont/core": {
      "version": "0.5.4",
      "resolved": "https://registry.npmjs.org/@semiont/core/-/core-0.5.4.tgz",
      "integrity": "sha512-jT253uCKDTjhglTfC6XcaEb6Vw+Cky1YMrfx9CdOjQHIpErzcJHGHAlIocz36L1H0SsKS0uEqJ56DIexAN7P0w==",
      "license": "Apache-2.0",
      "dependencies": {
        "ajv": "^8.17.1",
        "ajv-formats": "^2.1.1",
        "rxjs": "^7.8.1",
        "smol-toml": "^1.6.0"
      },
      "engines": {
        "node": ">=20.18.1"
      }
    },
    "node_modules/@semiont/observability": {
      "version": "0.5.4",
      "resolved": "https://registry.npmjs.org/@semiont/observability/-/observability-0.5.4.tgz",
      "integrity": "sha512-gH0oPmiOAxgkRXzS/YX6X2AbQKnJz7HOYEgNggDBnMtE96PkGRXztTWP3r4ZwcEaw4rAb3WqEwkJkibCQfoQ1g==",
      "license": "Apache-2.0",
      "dependencies": {
        "@opentelemetry/api": "^1.9.0",
        "@opentelemetry/context-async-hooks": "^2.7.0",
        "@opentelemetry/core": "^2.7.0",
        "@opentelemetry/exporter-metrics-otlp-http": "^0.215.0",
        "@opentelemetry/exporter-trace-otlp-http": "^0.215.0",
        "@opentelemetry/resources": "^2.7.0",
        "@opentelemetry/sdk-metrics": "^2.7.0",
        "@opentelemetry/sdk-trace-base": "^2.7.0",
        "@opentelemetry/sdk-trace-web": "^2.7.0",
        "@opentelemetry/semantic-conventions": "^1.40.0",
        "@semiont/core": "*",
        "winston": "^3.17.0"
      },
      "engines": {
        "node": ">=20.18.1"
      }
    },
    "node_modules/@semiont/sdk": {
      "version": "0.5.5",
      "resolved": "https://registry.npmjs.org/@semiont/sdk/-/sdk-0.5.5.tgz",
      "integrity": "sha512-5Xu+Br2mAO6/2LHaO+tVxfCpTacOKV3egD7lNCVCYVvKIb4mi+dFXeB7fxcfyXj8yV81MYV27ZG9i1LOnJ1lpQ==",
      "license": "Apache-2.0",
      "dependencies": {
        "@semiont/api-client": "*",
        "@semiont/core": "*",
        "rxjs": "^7.8.1"
      },
      "engines": {
        "node": ">=20.18.1"
      }
    },
    "node_modules/@so-ric/colorspace": {
      "version": "1.1.6",
      "resolved": "https://registry.npmjs.org/@so-ric/colorspace/-/colorspace-1.1.6.tgz",
      "integrity": "sha512-/KiKkpHNOBgkFJwu9sh48LkHSMYGyuTcSFK/qMBdnOAlrRJzRSXAOFB5qwzaVQuDl8wAvHVMkaASQDReTahxuw==",
      "license": "MIT",
      "dependencies": {
        "color": "^5.0.2",
        "text-hex": "1.0.x"
      }
    },
    "node_modules/@types/node": {
      "version": "25.7.0",
      "resolved": "https://registry.npmjs.org/@types/node/-/node-25.7.0.tgz",
      "integrity": "sha512-z+pdZyxE+RTQE9AcboAZCb4otwcrvgHD+GlBpPgn0emDVt0ohrTMhAwlr2Wd9nZ+nihhYFxO2pThz3C5qSu2Eg==",
      "license": "MIT",
      "dependencies": {
        "undici-types": "~7.21.0"
      }
    },
    "node_modules/@types/triple-beam": {
      "version": "1.3.5",
      "resolved": "https://registry.npmjs.org/@types/triple-beam/-/triple-beam-1.3.5.tgz",
      "integrity": "sha512-6WaYesThRMCl19iryMYP7/x2OVgCtbIVflDGFpWnb9irXI3UjYE4AzmYuiUKY1AJstGijoY+MgUszMgRxIYTYw==",
      "license": "MIT"
    },
    "node_modules/ajv": {
      "version": "8.20.0",
      "resolved": "https://registry.npmjs.org/ajv/-/ajv-8.20.0.tgz",
      "integrity": "sha512-Thbli+OlOj+iMPYFBVBfJ3OmCAnaSyNn4M1vz9T6Gka5Jt9ba/HIR56joy65tY6kx/FCF5VXNB819Y7/GUrBGA==",
      "license": "MIT",
      "dependencies": {
        "fast-deep-equal": "^3.1.3",
        "fast-uri": "^3.0.1",
        "json-schema-traverse": "^1.0.0",
        "require-from-string": "^2.0.2"
      },
      "funding": {
        "type": "github",
        "url": "https://github.com/sponsors/epoberezkin"
      }
    },
    "node_modules/ajv-formats": {
      "version": "2.1.1",
      "resolved": "https://registry.npmjs.org/ajv-formats/-/ajv-formats-2.1.1.tgz",
      "integrity": "sha512-Wx0Kx52hxE7C18hkMEggYlEifqWZtYaRgouJor+WMdPnQyEK13vgEWyVNup7SoeeoLMsr4kf5h6dOW11I15MUA==",
      "license": "MIT",
      "dependencies": {
        "ajv": "^8.0.0"
      },
      "peerDependencies": {
        "ajv": "^8.0.0"
      },
      "peerDependenciesMeta": {
        "ajv": {
          "optional": true
        }
      }
    },
    "node_modules/async": {
      "version": "3.2.6",
      "resolved": "https://registry.npmjs.org/async/-/async-3.2.6.tgz",
      "integrity": "sha512-htCUDlxyyCLMgaM3xXg0C0LW2xqfuQ6p05pCEIsXuyQ+a1koYKTuBMzRNwmybfLgvJDMd0r1LTn4+E0Ti6C2AA==",
      "license": "MIT"
    },
    "node_modules/color": {
      "version": "5.0.3",
      "resolved": "https://registry.npmjs.org/color/-/color-5.0.3.tgz",
      "integrity": "sha512-ezmVcLR3xAVp8kYOm4GS45ZLLgIE6SPAFoduLr6hTDajwb3KZ2F46gulK3XpcwRFb5KKGCSezCBAY4Dw4HsyXA==",
      "license": "MIT",
      "dependencies": {
        "color-convert": "^3.1.3",
        "color-string": "^2.1.3"
      },
      "engines": {
        "node": ">=18"
      }
    },
    "node_modules/color-convert": {
      "version": "3.1.3",
      "resolved": "https://registry.npmjs.org/color-convert/-/color-convert-3.1.3.tgz",
      "integrity": "sha512-fasDH2ont2GqF5HpyO4w0+BcewlhHEZOFn9c1ckZdHpJ56Qb7MHhH/IcJZbBGgvdtwdwNbLvxiBEdg336iA9Sg==",
      "license": "MIT",
      "dependencies": {
        "color-name": "^2.0.0"
      },
      "engines": {
        "node": ">=14.6"
      }
    },
    "node_modules/color-name": {
      "version": "2.1.0",
      "resolved": "https://registry.npmjs.org/color-name/-/color-name-2.1.0.tgz",
      "integrity": "sha512-1bPaDNFm0axzE4MEAzKPuqKWeRaT43U/hyxKPBdqTfmPF+d6n7FSoTFxLVULUJOmiLp01KjhIPPH+HrXZJN4Rg==",
      "license": "MIT",
      "engines": {
        "node": ">=12.20"
      }
    },
    "node_modules/color-string": {
      "version": "2.1.4",
      "resolved": "https://registry.npmjs.org/color-string/-/color-string-2.1.4.tgz",
      "integrity": "sha512-Bb6Cq8oq0IjDOe8wJmi4JeNn763Xs9cfrBcaylK1tPypWzyoy2G3l90v9k64kjphl/ZJjPIShFztenRomi8WTg==",
      "license": "MIT",
      "dependencies": {
        "color-name": "^2.0.0"
      },
      "engines": {
        "node": ">=18"
      }
    },
    "node_modules/enabled": {
      "version": "2.0.0",
      "resolved": "https://registry.npmjs.org/enabled/-/enabled-2.0.0.tgz",
      "integrity": "sha512-AKrN98kuwOzMIdAizXGI86UFBoo26CL21UM763y1h/GMSJ4/OHU9k2YlsmBpyScFo/wbLzWQJBMCW4+IO3/+OQ==",
      "license": "MIT"
    },
    "node_modules/fast-deep-equal": {
      "version": "3.1.3",
      "resolved": "https://registry.npmjs.org/fast-deep-equal/-/fast-deep-equal-3.1.3.tgz",
      "integrity": "sha512-f3qQ9oQy9j2AhBe/H9VC91wLmKBCCU/gDOnKNAYG5hswO7BLKj09Hc5HYNz9cGI++xlpDCIgDaitVs03ATR84Q==",
      "license": "MIT"
    },
    "node_modules/fast-uri": {
      "version": "3.1.2",
      "resolved": "https://registry.npmjs.org/fast-uri/-/fast-uri-3.1.2.tgz",
      "integrity": "sha512-rVjf7ArG3LTk+FS6Yw81V1DLuZl1bRbNrev6Tmd/9RaroeeRRJhAt7jg/6YFxbvAQXUCavSoZhPPj6oOx+5KjQ==",
      "funding": [
        {
          "type": "github",
          "url": "https://github.com/sponsors/fastify"
        },
        {
          "type": "opencollective",
          "url": "https://opencollective.com/fastify"
        }
      ],
      "license": "BSD-3-Clause"
    },
    "node_modules/fecha": {
      "version": "4.2.3",
      "resolved": "https://registry.npmjs.org/fecha/-/fecha-4.2.3.tgz",
      "integrity": "sha512-OP2IUU6HeYKJi3i0z4A19kHMQoLVs4Hc+DPqqxI2h/DPZHTm/vjsfC6P0b4jCMy14XizLBqvndQ+UilD7707Jw==",
      "license": "MIT"
    },
    "node_modules/fn.name": {
      "version": "1.1.0",
      "resolved": "https://registry.npmjs.org/fn.name/-/fn.name-1.1.0.tgz",
      "integrity": "sha512-GRnmB5gPyJpAhTQdSZTSp9uaPSvl09KoYcMQtsB9rQoOmzs9dH6ffeccH+Z+cv6P68Hu5bC6JjRh4Ah/mHSNRw==",
      "license": "MIT"
    },
    "node_modules/inherits": {
      "version": "2.0.4",
      "resolved": "https://registry.npmjs.org/inherits/-/inherits-2.0.4.tgz",
      "integrity": "sha512-k/vGaX4/Yla3WzyMCvTQOXYeIHvqOKtnqBduzTHpzpQZzAskKMhZ2K+EnBiSM9zGSoIFeMpXKxa4dYeZIQqewQ==",
      "license": "ISC"
    },
    "node_modules/is-stream": {
      "version": "2.0.1",
      "resolved": "https://registry.npmjs.org/is-stream/-/is-stream-2.0.1.tgz",
      "integrity": "sha512-hFoiJiTl63nn+kstHGBtewWSKnQLpyb155KHheA1l39uvtO9nWIop1p3udqPcUd/xbF1VLMO4n7OI6p7RbngDg==",
      "license": "MIT",
      "engines": {
        "node": ">=8"
      },
      "funding": {
        "url": "https://github.com/sponsors/sindresorhus"
      }
    },
    "node_modules/json-schema-traverse": {
      "version": "1.0.0",
      "resolved": "https://registry.npmjs.org/json-schema-traverse/-/json-schema-traverse-1.0.0.tgz",
      "integrity": "sha512-NM8/P9n3XjXhIZn1lLhkFaACTOURQXjWhV4BA/RnOv8xvgqtqpAX9IO4mRQxSx1Rlo4tqzeqb0sOlruaOy3dug==",
      "license": "MIT"
    },
    "node_modules/kuler": {
      "version": "2.0.0",
      "resolved": "https://registry.npmjs.org/kuler/-/kuler-2.0.0.tgz",
      "integrity": "sha512-Xq9nH7KlWZmXAtodXDDRE7vs6DU1gTU8zYDHDiWLSip45Egwq3plLHzPn27NgvzL2r1LMPC1vdqh98sQxtqj4A==",
      "license": "MIT"
    },
    "node_modules/ky": {
      "version": "1.14.3",
      "resolved": "https://registry.npmjs.org/ky/-/ky-1.14.3.tgz",
      "integrity": "sha512-9zy9lkjac+TR1c2tG+mkNSVlyOpInnWdSMiue4F+kq8TwJSgv6o8jhLRg8Ho6SnZ9wOYUq/yozts9qQCfk7bIw==",
      "license": "MIT",
      "engines": {
        "node": ">=18"
      },
      "funding": {
        "url": "https://github.com/sindresorhus/ky?sponsor=1"
      }
    },
    "node_modules/logform": {
      "version": "2.7.0",
      "resolved": "https://registry.npmjs.org/logform/-/logform-2.7.0.tgz",
      "integrity": "sha512-TFYA4jnP7PVbmlBIfhlSe+WKxs9dklXMTEGcBCIvLhE/Tn3H6Gk1norupVW7m5Cnd4bLcr08AytbyV/xj7f/kQ==",
      "license": "MIT",
      "dependencies": {
        "@colors/colors": "1.6.0",
        "@types/triple-beam": "^1.3.2",
        "fecha": "^4.2.0",
        "ms": "^2.1.1",
        "safe-stable-stringify": "^2.3.1",
        "triple-beam": "^1.3.0"
      },
      "engines": {
        "node": ">= 12.0.0"
      }
    },
    "node_modules/long": {
      "version": "5.3.2",
      "resolved": "https://registry.npmjs.org/long/-/long-5.3.2.tgz",
      "integrity": "sha512-mNAgZ1GmyNhD7AuqnTG3/VQ26o760+ZYBPKjPvugO8+nLbYfX6TVpJPseBvopbdY+qpZ/lKUnmEc1LeZYS3QAA==",
      "license": "Apache-2.0"
    },
    "node_modules/ms": {
      "version": "2.1.3",
      "resolved": "https://registry.npmjs.org/ms/-/ms-2.1.3.tgz",
      "integrity": "sha512-6FlzubTLZG3J2a/NVCAleEhjzq5oxgHyaCU9yYXvcLsvoVaHJq/s5xXI6/XXP6tz7R9xAOtHnSO/tXtF3WRTlA==",
      "license": "MIT"
    },
    "node_modules/one-time": {
      "version": "1.0.0",
      "resolved": "https://registry.npmjs.org/one-time/-/one-time-1.0.0.tgz",
      "integrity": "sha512-5DXOiRKwuSEcQ/l0kGCF6Q3jcADFv5tSmRaJck/OqkVFcOzutB134KRSfF0xDrL39MNnqxbHBbUUcjZIhTgb2g==",
      "license": "MIT",
      "dependencies": {
        "fn.name": "1.x.x"
      }
    },
    "node_modules/protobufjs": {
      "version": "8.2.0",
      "resolved": "https://registry.npmjs.org/protobufjs/-/protobufjs-8.2.0.tgz",
      "integrity": "sha512-oI+GC9iPxrQEr6wragljFKH46/r3rNsm6eg7F2fp6kBUMnf6/mesDRdBuF4gK+OyaKJ8N4C1B9s9cCeYdqFikg==",
      "hasInstallScript": true,
      "license": "BSD-3-Clause",
      "dependencies": {
        "@types/node": ">=13.7.0",
        "long": "^5.0.0"
      },
      "engines": {
        "node": ">=12.0.0"
      }
    },
    "node_modules/readable-stream": {
      "version": "3.6.2",
      "resolved": "https://registry.npmjs.org/readable-stream/-/readable-stream-3.6.2.tgz",
      "integrity": "sha512-9u/sniCrY3D5WdsERHzHE4G2YCXqoG5FTHUiCC4SIbr6XcLZBY05ya9EKjYek9O5xOAwjGq+1JdGBAS7Q9ScoA==",
      "license": "MIT",
      "dependencies": {
        "inherits": "^2.0.3",
        "string_decoder": "^1.1.1",
        "util-deprecate": "^1.0.1"
      },
      "engines": {
        "node": ">= 6"
      }
    },
    "node_modules/require-from-string": {
      "version": "2.0.2",
      "resolved": "https://registry.npmjs.org/require-from-string/-/require-from-string-2.0.2.tgz",
      "integrity": "sha512-Xf0nWe6RseziFMu+Ap9biiUbmplq6S9/p+7w7YXP/JBHhrUDDUhwa+vANyubuqfZWTveU//DYVGsDG7RKL/vEw==",
      "license": "MIT",
      "engines": {
        "node": ">=0.10.0"
      }
    },
    "node_modules/rxjs": {
      "version": "7.8.2",
      "resolved": "https://registry.npmjs.org/rxjs/-/rxjs-7.8.2.tgz",
      "integrity": "sha512-dhKf903U/PQZY6boNNtAGdWbG85WAbjT/1xYoZIC7FAY0yWapOBQVsVrDl58W86//e1VpMNBtRV4MaXfdMySFA==",
      "license": "Apache-2.0",
      "dependencies": {
        "tslib": "^2.1.0"
      }
    },
    "node_modules/safe-buffer": {
      "version": "5.2.1",
      "resolved": "https://registry.npmjs.org/safe-buffer/-/safe-buffer-5.2.1.tgz",
      "integrity": "sha512-rp3So07KcdmmKbGvgaNxQSJr7bGVSVk5S9Eq1F+ppbRo70+YeaDxkw5Dd8NPN+GD6bjnYm2VuPuCXmpuYvmCXQ==",
      "funding": [
        {
          "type": "github",
          "url": "https://github.com/sponsors/feross"
        },
        {
          "type": "patreon",
          "url": "https://www.patreon.com/feross"
        },
        {
          "type": "consulting",
          "url": "https://feross.org/support"
        }
      ],
      "license": "MIT"
    },
    "node_modules/safe-stable-stringify": {
      "version": "2.5.0",
      "resolved": "https://registry.npmjs.org/safe-stable-stringify/-/safe-stable-stringify-2.5.0.tgz",
      "integrity": "sha512-b3rppTKm9T+PsVCBEOUR46GWI7fdOs00VKZ1+9c1EWDaDMvjQc6tUwuFyIprgGgTcWoVHSKrU8H31ZHA2e0RHA==",
      "license": "MIT",
      "engines": {
        "node": ">=10"
      }
    },
    "node_modules/smol-toml": {
      "version": "1.6.1",
      "resolved": "https://registry.npmjs.org/smol-toml/-/smol-toml-1.6.1.tgz",
      "integrity": "sha512-dWUG8F5sIIARXih1DTaQAX4SsiTXhInKf1buxdY9DIg4ZYPZK5nGM1VRIYmEbDbsHt7USo99xSLFu5Q1IqTmsg==",
      "license": "BSD-3-Clause",
      "engines": {
        "node": ">= 18"
      },
      "funding": {
        "url": "https://github.com/sponsors/cyyynthia"
      }
    },
    "node_modules/stack-trace": {
      "version": "0.0.10",
      "resolved": "https://registry.npmjs.org/stack-trace/-/stack-trace-0.0.10.tgz",
      "integrity": "sha512-KGzahc7puUKkzyMt+IqAep+TVNbKP+k2Lmwhub39m1AsTSkaDutx56aDCo+HLDzf/D26BIHTJWNiTG1KAJiQCg==",
      "license": "MIT",
      "engines": {
        "node": "*"
      }
    },
    "node_modules/string_decoder": {
      "version": "1.3.0",
      "resolved": "https://registry.npmjs.org/string_decoder/-/string_decoder-1.3.0.tgz",
      "integrity": "sha512-hkRX8U1WjJFd8LsDJ2yQ/wWWxaopEsABU1XfkM8A+j0+85JAGppt16cr1Whg6KIbb4okU6Mql6BOj+uup/wKeA==",
      "license": "MIT",
      "dependencies": {
        "safe-buffer": "~5.2.0"
      }
    },
    "node_modules/text-hex": {
      "version": "1.0.0",
      "resolved": "https://registry.npmjs.org/text-hex/-/text-hex-1.0.0.tgz",
      "integrity": "sha512-uuVGNWzgJ4yhRaNSiubPY7OjISw4sw4E5Uv0wbjp+OzcbmVU/rsT8ujgcXJhn9ypzsgr5vlzpPqP+MBBKcGvbg==",
      "license": "MIT"
    },
    "node_modules/triple-beam": {
      "version": "1.4.1",
      "resolved": "https://registry.npmjs.org/triple-beam/-/triple-beam-1.4.1.tgz",
      "integrity": "sha512-aZbgViZrg1QNcG+LULa7nhZpJTZSLm/mXnHXnbAbjmN5aSa0y7V+wvv6+4WaBtpISJzThKy+PIPxc1Nq1EJ9mg==",
      "license": "MIT",
      "engines": {
        "node": ">= 14.0.0"
      }
    },
    "node_modules/tslib": {
      "version": "2.8.1",
      "resolved": "https://registry.npmjs.org/tslib/-/tslib-2.8.1.tgz",
      "integrity": "sha512-oJFu94HQb+KVduSUQL7wnpmqnfmLsOA/nAh6b6EH0wCEoK0/mPeXU6c3wKDV83MkOuHPRHtSXKKU99IBazS/2w==",
      "license": "0BSD"
    },
    "node_modules/typescript": {
      "version": "6.0.3",
      "resolved": "https://registry.npmjs.org/typescript/-/typescript-6.0.3.tgz",
      "integrity": "sha512-y2TvuxSZPDyQakkFRPZHKFm+KKVqIisdg9/CZwm9ftvKXLP8NRWj38/ODjNbr43SsoXqNuAisEf1GdCxqWcdBw==",
      "license": "Apache-2.0",
      "bin": {
        "tsc": "bin/tsc",
        "tsserver": "bin/tsserver"
      },
      "engines": {
        "node": ">=14.17"
      }
    },
    "node_modules/undici-types": {
      "version": "7.21.0",
      "resolved": "https://registry.npmjs.org/undici-types/-/undici-types-7.21.0.tgz",
      "integrity": "sha512-w9IMgQrz4O0YN1LtB7K5P63vhlIOvC7opSmouCJ+ZywlPAlO9gIkJ+otk6LvGpAs2wg4econaCz3TvQ9xPoyuQ==",
      "license": "MIT"
    },
    "node_modules/util-deprecate": {
      "version": "1.0.2",
      "resolved": "https://registry.npmjs.org/util-deprecate/-/util-deprecate-1.0.2.tgz",
      "integrity": "sha512-EPD5q1uXyFxJpCrLnCc1nHnq3gOa6DZBocAIiI2TaSCA7VCJ1UJDMagCzIkXNsUYfD1daK//LTEQ8xiIbrHtcw==",
      "license": "MIT"
    },
    "node_modules/winston": {
      "version": "3.19.0",
      "resolved": "https://registry.npmjs.org/winston/-/winston-3.19.0.tgz",
      "integrity": "sha512-LZNJgPzfKR+/J3cHkxcpHKpKKvGfDZVPS4hfJCc4cCG0CgYzvlD6yE/S3CIL/Yt91ak327YCpiF/0MyeZHEHKA==",
      "license": "MIT",
      "dependencies": {
        "@colors/colors": "^1.6.0",
        "@dabh/diagnostics": "^2.0.8",
        "async": "^3.2.3",
        "is-stream": "^2.0.0",
        "logform": "^2.7.0",
        "one-time": "^1.0.0",
        "readable-stream": "^3.4.0",
        "safe-stable-stringify": "^2.3.1",
        "stack-trace": "0.0.x",
        "triple-beam": "^1.3.0",
        "winston-transport": "^4.9.0"
      },
      "engines": {
        "node": ">= 12.0.0"
      }
    },
    "node_modules/winston-transport": {
      "version": "4.9.0",
      "resolved": "https://registry.npmjs.org/winston-transport/-/winston-transport-4.9.0.tgz",
      "integrity": "sha512-8drMJ4rkgaPo1Me4zD/3WLfI/zPdA9o2IipKODunnGDcuqbHwjsbB79ylv04LCGGzU0xQ6vTznOMpQGaLhhm6A==",
      "license": "MIT",
      "dependencies": {
        "logform": "^2.7.0",
        "readable-stream": "^3.6.2",
        "triple-beam": "^1.3.0"
      },
      "engines": {
        "node": ">= 12.0.0"
      }
    },
    "node_modules/yaml": {
      "version": "2.9.0",
      "resolved": "https://registry.npmjs.org/yaml/-/yaml-2.9.0.tgz",
      "integrity": "sha512-2AvhNX3mb8zd6Zy7INTtSpl1F15HW6Wnqj0srWlkKLcpYl/gMIMJiyuGq2KeI2YFxUPjdlB+3Lc10seMLtL4cA==",
      "license": "ISC",
      "bin": {
        "yaml": "bin.mjs"
      },
      "engines": {
        "node": ">= 14.6"
      },
      "funding": {
        "url": "https://github.com/sponsors/eemeli"
      }
    }
  }
}
